// !$*UTF8*$!
{
	archiveVersion = 1;
	classes = {
	};
	objectVersion = 56;
	objects = {

/* Begin PBXBuildFile section */
		7B268D9A2AEE7067007081FF /* Music.swift in Sources */ = {isa = PBXBuildFile; fileRef = 7B268D992AEE7067007081FF /* Music.swift */; };
		7B268D9F2AEE7445007081FF /* Album.swift in Sources */ = {isa = PBXBuildFile; fileRef = 7B268D9E2AEE7445007081FF /* Album.swift */; };
		7B268DA12AEE744F007081FF /* Artist.swift in Sources */ = {isa = PBXBuildFile; fileRef = 7B268DA02AEE744F007081FF /* Artist.swift */; };
		7BA2BA672AEDF941004756A9 /* Spotify_cloneUIApp.swift in Sources */ = {isa = PBXBuildFile; fileRef = 7BA2BA662AEDF941004756A9 /* Spotify_cloneUIApp.swift */; };
		7BA2BA692AEDF941004756A9 /* AlbumItem.swift in Sources */ = {isa = PBXBuildFile; fileRef = 7BA2BA682AEDF941004756A9 /* AlbumItem.swift */; };
		7BA2BA6B2AEDF942004756A9 /* Assets.xcassets in Resources */ = {isa = PBXBuildFile; fileRef = 7BA2BA6A2AEDF942004756A9 /* Assets.xcassets */; };
		7BA2BA6F2AEDF942004756A9 /* Preview Assets.xcassets in Resources */ = {isa = PBXBuildFile; fileRef = 7BA2BA6E2AEDF942004756A9 /* Preview Assets.xcassets */; };
		7BB93FD92AF09B83006751CE /* ModelData.swift in Sources */ = {isa = PBXBuildFile; fileRef = 7BB93FD82AF09B83006751CE /* ModelData.swift */; };
		7BF3B9EC2AF9EDD000DD937E /* albumData.json in Resources */ = {isa = PBXBuildFile; fileRef = 7BF3B9EB2AF9EDD000DD937E /* albumData.json */; };
		7BF3B9EE2AF9FBA300DD937E /* AlbumRow.swift in Sources */ = {isa = PBXBuildFile; fileRef = 7BF3B9ED2AF9FBA300DD937E /* AlbumRow.swift */; };
		7BF3B9F02AFA0CBE00DD937E /* CategoryItem.swift in Sources */ = {isa = PBXBuildFile; fileRef = 7BF3B9EF2AFA0CBE00DD937E /* CategoryItem.swift */; };
		7BF3B9F22AFA279500DD937E /* CategoryList.swift in Sources */ = {isa = PBXBuildFile; fileRef = 7BF3B9F12AFA279500DD937E /* CategoryList.swift */; };
		7BF3B9F42AFA392400DD937E /* Category.swift in Sources */ = {isa = PBXBuildFile; fileRef = 7BF3B9F32AFA392400DD937E /* Category.swift */; };
		7BF3B9F62AFA3F5800DD937E /* categoryData.json in Resources */ = {isa = PBXBuildFile; fileRef = 7BF3B9F52AFA3F5800DD937E /* categoryData.json */; };
		7BF3B9F82AFB9B6100DD937E /* CircleImage.swift in Sources */ = {isa = PBXBuildFile; fileRef = 7BF3B9F72AFB9B6100DD937E /* CircleImage.swift */; };
		7BF3B9FC2AFBA29F00DD937E /* CategoryView.swift in Sources */ = {isa = PBXBuildFile; fileRef = 7BF3B9FB2AFBA29F00DD937E /* CategoryView.swift */; };
		7BF3BA002AFBC5A100DD937E /* ColorExtension.swift in Sources */ = {isa = PBXBuildFile; fileRef = 7BF3B9FF2AFBC5A100DD937E /* ColorExtension.swift */; };
/* End PBXBuildFile section */

/* Begin PBXFileReference section */
		7B268D992AEE7067007081FF /* Music.swift */ = {isa = PBXFileReference; lastKnownFileType = sourcecode.swift; path = Music.swift; sourceTree = "<group>"; };
		7B268D9E2AEE7445007081FF /* Album.swift */ = {isa = PBXFileReference; lastKnownFileType = sourcecode.swift; path = Album.swift; sourceTree = "<group>"; };
		7B268DA02AEE744F007081FF /* Artist.swift */ = {isa = PBXFileReference; lastKnownFileType = sourcecode.swift; path = Artist.swift; sourceTree = "<group>"; };
		7BA2BA632AEDF941004756A9 /* Spotify_cloneUI.app */ = {isa = PBXFileReference; explicitFileType = wrapper.application; includeInIndex = 0; path = Spotify_cloneUI.app; sourceTree = BUILT_PRODUCTS_DIR; };
		7BA2BA662AEDF941004756A9 /* Spotify_cloneUIApp.swift */ = {isa = PBXFileReference; lastKnownFileType = sourcecode.swift; path = Spotify_cloneUIApp.swift; sourceTree = "<group>"; };
		7BA2BA682AEDF941004756A9 /* AlbumItem.swift */ = {isa = PBXFileReference; lastKnownFileType = sourcecode.swift; path = AlbumItem.swift; sourceTree = "<group>"; };
		7BA2BA6A2AEDF942004756A9 /* Assets.xcassets */ = {isa = PBXFileReference; lastKnownFileType = folder.assetcatalog; path = Assets.xcassets; sourceTree = "<group>"; };
		7BA2BA6C2AEDF942004756A9 /* Spotify_cloneUI.entitlements */ = {isa = PBXFileReference; lastKnownFileType = text.plist.entitlements; path = Spotify_cloneUI.entitlements; sourceTree = "<group>"; };
		7BA2BA6E2AEDF942004756A9 /* Preview Assets.xcassets */ = {isa = PBXFileReference; lastKnownFileType = folder.assetcatalog; path = "Preview Assets.xcassets"; sourceTree = "<group>"; };
		7BB93FD82AF09B83006751CE /* ModelData.swift */ = {isa = PBXFileReference; lastKnownFileType = sourcecode.swift; path = ModelData.swift; sourceTree = "<group>"; };
		7BF3B9EB2AF9EDD000DD937E /* albumData.json */ = {isa = PBXFileReference; fileEncoding = 4; lastKnownFileType = text.json; path = albumData.json; sourceTree = "<group>"; };
		7BF3B9ED2AF9FBA300DD937E /* AlbumRow.swift */ = {isa = PBXFileReference; lastKnownFileType = sourcecode.swift; path = AlbumRow.swift; sourceTree = "<group>"; };
		7BF3B9EF2AFA0CBE00DD937E /* CategoryItem.swift */ = {isa = PBXFileReference; lastKnownFileType = sourcecode.swift; path = CategoryItem.swift; sourceTree = "<group>"; };
		7BF3B9F12AFA279500DD937E /* CategoryList.swift */ = {isa = PBXFileReference; lastKnownFileType = sourcecode.swift; path = CategoryList.swift; sourceTree = "<group>"; };
		7BF3B9F32AFA392400DD937E /* Category.swift */ = {isa = PBXFileReference; lastKnownFileType = sourcecode.swift; path = Category.swift; sourceTree = "<group>"; };
		7BF3B9F52AFA3F5800DD937E /* categoryData.json */ = {isa = PBXFileReference; fileEncoding = 4; lastKnownFileType = text.json; path = categoryData.json; sourceTree = "<group>"; };
		7BF3B9F72AFB9B6100DD937E /* CircleImage.swift */ = {isa = PBXFileReference; lastKnownFileType = sourcecode.swift; path = CircleImage.swift; sourceTree = "<group>"; };
		7BF3B9FB2AFBA29F00DD937E /* CategoryView.swift */ = {isa = PBXFileReference; lastKnownFileType = sourcecode.swift; path = CategoryView.swift; sourceTree = "<group>"; };
		7BF3B9FF2AFBC5A100DD937E /* ColorExtension.swift */ = {isa = PBXFileReference; lastKnownFileType = sourcecode.swift; path = ColorExtension.swift; sourceTree = "<group>"; };
/* End PBXFileReference section */

/* Begin PBXFrameworksBuildPhase section */
		7BA2BA602AEDF941004756A9 /* Frameworks */ = {
			isa = PBXFrameworksBuildPhase;
			buildActionMask = 2147483647;
			files = (
			);
			runOnlyForDeploymentPostprocessing = 0;
		};
/* End PBXFrameworksBuildPhase section */

/* Begin PBXGroup section */
		7B268D9B2AEE706D007081FF /* Resources */ = {
			isa = PBXGroup;
			children = (
				7BF3B9F52AFA3F5800DD937E /* categoryData.json */,
				7BF3B9EB2AF9EDD000DD937E /* albumData.json */,
			);
			path = Resources;
			sourceTree = "<group>";
		};
		7B268D9C2AEE7088007081FF /* Model */ = {
			isa = PBXGroup;
			children = (
				7B268D992AEE7067007081FF /* Music.swift */,
				7B268D9E2AEE7445007081FF /* Album.swift */,
				7BF3B9F32AFA392400DD937E /* Category.swift */,
				7B268DA02AEE744F007081FF /* Artist.swift */,
				7BB93FD82AF09B83006751CE /* ModelData.swift */,
			);
			path = Model;
			sourceTree = "<group>";
		};
		7B268D9D2AEE708F007081FF /* View */ = {
			isa = PBXGroup;
			children = (
				7BF3B9FE2AFBB73E00DD937E /* Album */,
				7BF3B9FD2AFBB72D00DD937E /* Category */,
				7BF3BA022AFBD11400DD937E /* Helper */,
			);
			path = View;
			sourceTree = "<group>";
		};
		7BA2BA5A2AEDF941004756A9 = {
			isa = PBXGroup;
			children = (
				7BA2BA652AEDF941004756A9 /* Spotify_cloneUI */,
				7BA2BA642AEDF941004756A9 /* Products */,
			);
			sourceTree = "<group>";
		};
		7BA2BA642AEDF941004756A9 /* Products */ = {
			isa = PBXGroup;
			children = (
				7BA2BA632AEDF941004756A9 /* Spotify_cloneUI.app */,
			);
			name = Products;
			sourceTree = "<group>";
		};
		7BA2BA652AEDF941004756A9 /* Spotify_cloneUI */ = {
			isa = PBXGroup;
			children = (
				7BA2BA662AEDF941004756A9 /* Spotify_cloneUIApp.swift */,
				7BF3BA012AFBC5B300DD937E /* Extension */,
				7B268D9D2AEE708F007081FF /* View */,
				7B268D9C2AEE7088007081FF /* Model */,
				7B268D9B2AEE706D007081FF /* Resources */,
				7BA2BA6A2AEDF942004756A9 /* Assets.xcassets */,
				7BA2BA6C2AEDF942004756A9 /* Spotify_cloneUI.entitlements */,
				7BA2BA6D2AEDF942004756A9 /* Preview Content */,
			);
			path = Spotify_cloneUI;
			sourceTree = "<group>";
		};
		7BA2BA6D2AEDF942004756A9 /* Preview Content */ = {
			isa = PBXGroup;
			children = (
				7BA2BA6E2AEDF942004756A9 /* Preview Assets.xcassets */,
			);
			path = "Preview Content";
			sourceTree = "<group>";
		};
		7BF3B9FD2AFBB72D00DD937E /* Category */ = {
			isa = PBXGroup;
			children = (
				7BF3B9FB2AFBA29F00DD937E /* CategoryView.swift */,
				7BF3B9F12AFA279500DD937E /* CategoryList.swift */,
				7BF3B9EF2AFA0CBE00DD937E /* CategoryItem.swift */,
			);
			path = Category;
			sourceTree = "<group>";
		};
		7BF3B9FE2AFBB73E00DD937E /* Album */ = {
			isa = PBXGroup;
			children = (
				7BF3B9ED2AF9FBA300DD937E /* AlbumRow.swift */,
				7BA2BA682AEDF941004756A9 /* AlbumItem.swift */,
			);
			path = Album;
			sourceTree = "<group>";
		};
		7BF3BA012AFBC5B300DD937E /* Extension */ = {
			isa = PBXGroup;
			children = (
				7BF3B9FF2AFBC5A100DD937E /* ColorExtension.swift */,
			);
			name = Extension;
			sourceTree = "<group>";
		};
		7BF3BA022AFBD11400DD937E /* Helper */ = {
			isa = PBXGroup;
			children = (
				7BF3B9F72AFB9B6100DD937E /* CircleImage.swift */,
			);
			path = Helper;
			sourceTree = "<group>";
		};
/* End PBXGroup section */

/* Begin PBXNativeTarget section */
		7BA2BA622AEDF941004756A9 /* Spotify_cloneUI */ = {
			isa = PBXNativeTarget;
			buildConfigurationList = 7BA2BA722AEDF942004756A9 /* Build configuration list for PBXNativeTarget "Spotify_cloneUI" */;
			buildPhases = (
				7BA2BA5F2AEDF941004756A9 /* Sources */,
				7BA2BA602AEDF941004756A9 /* Frameworks */,
				7BA2BA612AEDF941004756A9 /* Resources */,
			);
			buildRules = (
			);
			dependencies = (
			);
			name = Spotify_cloneUI;
			productName = Spotify_cloneUI;
			productReference = 7BA2BA632AEDF941004756A9 /* Spotify_cloneUI.app */;
			productType = "com.apple.product-type.application";
		};
/* End PBXNativeTarget section */

/* Begin PBXProject section */
		7BA2BA5B2AEDF941004756A9 /* Project object */ = {
			isa = PBXProject;
			attributes = {
				BuildIndependentTargetsInParallel = 1;
				LastSwiftUpdateCheck = 1500;
				LastUpgradeCheck = 1500;
				TargetAttributes = {
					7BA2BA622AEDF941004756A9 = {
						CreatedOnToolsVersion = 15.0.1;
					};
				};
			};
			buildConfigurationList = 7BA2BA5E2AEDF941004756A9 /* Build configuration list for PBXProject "Spotify_cloneUI" */;
			compatibilityVersion = "Xcode 14.0";
			developmentRegion = en;
			hasScannedForEncodings = 0;
			knownRegions = (
				en,
				Base,
			);
			mainGroup = 7BA2BA5A2AEDF941004756A9;
			productRefGroup = 7BA2BA642AEDF941004756A9 /* Products */;
			projectDirPath = "";
			projectRoot = "";
			targets = (
				7BA2BA622AEDF941004756A9 /* Spotify_cloneUI */,
			);
		};
/* End PBXProject section */

/* Begin PBXResourcesBuildPhase section */
		7BA2BA612AEDF941004756A9 /* Resources */ = {
			isa = PBXResourcesBuildPhase;
			buildActionMask = 2147483647;
			files = (
				7BA2BA6F2AEDF942004756A9 /* Preview Assets.xcassets in Resources */,
				7BF3B9F62AFA3F5800DD937E /* categoryData.json in Resources */,
				7BA2BA6B2AEDF942004756A9 /* Assets.xcassets in Resources */,
				7BF3B9EC2AF9EDD000DD937E /* albumData.json in Resources */,
			);
			runOnlyForDeploymentPostprocessing = 0;
		};
/* End PBXResourcesBuildPhase section */

/* Begin PBXSourcesBuildPhase section */
		7BA2BA5F2AEDF941004756A9 /* Sources */ = {
			isa = PBXSourcesBuildPhase;
			buildActionMask = 2147483647;
			files = (
				7B268D9A2AEE7067007081FF /* Music.swift in Sources */,
				7BF3B9F42AFA392400DD937E /* Category.swift in Sources */,
				7BF3B9FC2AFBA29F00DD937E /* CategoryView.swift in Sources */,
				7BF3B9EE2AF9FBA300DD937E /* AlbumRow.swift in Sources */,
				7BF3B9F02AFA0CBE00DD937E /* CategoryItem.swift in Sources */,
				7BA2BA692AEDF941004756A9 /* AlbumItem.swift in Sources */,
				7BA2BA672AEDF941004756A9 /* Spotify_cloneUIApp.swift in Sources */,
				7B268DA12AEE744F007081FF /* Artist.swift in Sources */,
				7B268D9F2AEE7445007081FF /* Album.swift in Sources */,
				7BF3B9F82AFB9B6100DD937E /* CircleImage.swift in Sources */,
				7BB93FD92AF09B83006751CE /* ModelData.swift in Sources */,
				7BF3B9F22AFA279500DD937E /* CategoryList.swift in Sources */,
				7BF3BA002AFBC5A100DD937E /* ColorExtension.swift in Sources */,
			);
			runOnlyForDeploymentPostprocessing = 0;
		};
/* End PBXSourcesBuildPhase section */

/* Begin XCBuildConfiguration section */
		7BA2BA702AEDF942004756A9 /* Debug */ = {
			isa = XCBuildConfiguration;
			buildSettings = {
				ALWAYS_SEARCH_USER_PATHS = NO;
				ASSETCATALOG_COMPILER_GENERATE_SWIFT_ASSET_SYMBOL_EXTENSIONS = YES;
				CLANG_ANALYZER_NONNULL = YES;
				CLANG_ANALYZER_NUMBER_OBJECT_CONVERSION = YES_AGGRESSIVE;
				CLANG_CXX_LANGUAGE_STANDARD = "gnu++20";
				CLANG_ENABLE_MODULES = YES;
				CLANG_ENABLE_OBJC_ARC = YES;
				CLANG_ENABLE_OBJC_WEAK = YES;
				CLANG_WARN_BLOCK_CAPTURE_AUTORELEASING = YES;
				CLANG_WARN_BOOL_CONVERSION = YES;
				CLANG_WARN_COMMA = YES;
				CLANG_WARN_CONSTANT_CONVERSION = YES;
				CLANG_WARN_DEPRECATED_OBJC_IMPLEMENTATIONS = YES;
				CLANG_WARN_DIRECT_OBJC_ISA_USAGE = YES_ERROR;
				CLANG_WARN_DOCUMENTATION_COMMENTS = YES;
				CLANG_WARN_EMPTY_BODY = YES;
				CLANG_WARN_ENUM_CONVERSION = YES;
				CLANG_WARN_INFINITE_RECURSION = YES;
				CLANG_WARN_INT_CONVERSION = YES;
				CLANG_WARN_NON_LITERAL_NULL_CONVERSION = YES;
				CLANG_WARN_OBJC_IMPLICIT_RETAIN_SELF = YES;
				CLANG_WARN_OBJC_LITERAL_CONVERSION = YES;
				CLANG_WARN_OBJC_ROOT_CLASS = YES_ERROR;
				CLANG_WARN_QUOTED_INCLUDE_IN_FRAMEWORK_HEADER = YES;
				CLANG_WARN_RANGE_LOOP_ANALYSIS = YES;
				CLANG_WARN_STRICT_PROTOTYPES = YES;
				CLANG_WARN_SUSPICIOUS_MOVE = YES;
				CLANG_WARN_UNGUARDED_AVAILABILITY = YES_AGGRESSIVE;
				CLANG_WARN_UNREACHABLE_CODE = YES;
				CLANG_WARN__DUPLICATE_METHOD_MATCH = YES;
				COPY_PHASE_STRIP = NO;
				DEBUG_INFORMATION_FORMAT = dwarf;
				ENABLE_STRICT_OBJC_MSGSEND = YES;
				ENABLE_TESTABILITY = YES;
				ENABLE_USER_SCRIPT_SANDBOXING = YES;
				GCC_C_LANGUAGE_STANDARD = gnu17;
				GCC_DYNAMIC_NO_PIC = NO;
				GCC_NO_COMMON_BLOCKS = YES;
				GCC_OPTIMIZATION_LEVEL = 0;
				GCC_PREPROCESSOR_DEFINITIONS = (
					"DEBUG=1",
					"$(inherited)",
				);
				GCC_WARN_64_TO_32_BIT_CONVERSION = YES;
				GCC_WARN_ABOUT_RETURN_TYPE = YES_ERROR;
				GCC_WARN_UNDECLARED_SELECTOR = YES;
				GCC_WARN_UNINITIALIZED_AUTOS = YES_AGGRESSIVE;
				GCC_WARN_UNUSED_FUNCTION = YES;
				GCC_WARN_UNUSED_VARIABLE = YES;
				LOCALIZATION_PREFERS_STRING_CATALOGS = YES;
				MTL_ENABLE_DEBUG_INFO = INCLUDE_SOURCE;
				MTL_FAST_MATH = YES;
				ONLY_ACTIVE_ARCH = YES;
				SWIFT_ACTIVE_COMPILATION_CONDITIONS = "DEBUG $(inherited)";
				SWIFT_OPTIMIZATION_LEVEL = "-Onone";
			};
			name = Debug;
		};
		7BA2BA712AEDF942004756A9 /* Release */ = {
			isa = XCBuildConfiguration;
			buildSettings = {
				ALWAYS_SEARCH_USER_PATHS = NO;
				ASSETCATALOG_COMPILER_GENERATE_SWIFT_ASSET_SYMBOL_EXTENSIONS = YES;
				CLANG_ANALYZER_NONNULL = YES;
				CLANG_ANALYZER_NUMBER_OBJECT_CONVERSION = YES_AGGRESSIVE;
				CLANG_CXX_LANGUAGE_STANDARD = "gnu++20";
				CLANG_ENABLE_MODULES = YES;
				CLANG_ENABLE_OBJC_ARC = YES;
				CLANG_ENABLE_OBJC_WEAK = YES;
				CLANG_WARN_BLOCK_CAPTURE_AUTORELEASING = YES;
				CLANG_WARN_BOOL_CONVERSION = YES;
				CLANG_WARN_COMMA = YES;
				CLANG_WARN_CONSTANT_CONVERSION = YES;
				CLANG_WARN_DEPRECATED_OBJC_IMPLEMENTATIONS = YES;
				CLANG_WARN_DIRECT_OBJC_ISA_USAGE = YES_ERROR;
				CLANG_WARN_DOCUMENTATION_COMMENTS = YES;
				CLANG_WARN_EMPTY_BODY = YES;
				CLANG_WARN_ENUM_CONVERSION = YES;
				CLANG_WARN_INFINITE_RECURSION = YES;
				CLANG_WARN_INT_CONVERSION = YES;
				CLANG_WARN_NON_LITERAL_NULL_CONVERSION = YES;
				CLANG_WARN_OBJC_IMPLICIT_RETAIN_SELF = YES;
				CLANG_WARN_OBJC_LITERAL_CONVERSION = YES;
				CLANG_WARN_OBJC_ROOT_CLASS = YES_ERROR;
				CLANG_WARN_QUOTED_INCLUDE_IN_FRAMEWORK_HEADER = YES;
				CLANG_WARN_RANGE_LOOP_ANALYSIS = YES;
				CLANG_WARN_STRICT_PROTOTYPES = YES;
				CLANG_WARN_SUSPICIOUS_MOVE = YES;
				CLANG_WARN_UNGUARDED_AVAILABILITY = YES_AGGRESSIVE;
				CLANG_WARN_UNREACHABLE_CODE = YES;
				CLANG_WARN__DUPLICATE_METHOD_MATCH = YES;
				COPY_PHASE_STRIP = NO;
				DEBUG_INFORMATION_FORMAT = "dwarf-with-dsym";
				ENABLE_NS_ASSERTIONS = NO;
				ENABLE_STRICT_OBJC_MSGSEND = YES;
				ENABLE_USER_SCRIPT_SANDBOXING = YES;
				GCC_C_LANGUAGE_STANDARD = gnu17;
				GCC_NO_COMMON_BLOCKS = YES;
				GCC_WARN_64_TO_32_BIT_CONVERSION = YES;
				GCC_WARN_ABOUT_RETURN_TYPE = YES_ERROR;
				GCC_WARN_UNDECLARED_SELECTOR = YES;
				GCC_WARN_UNINITIALIZED_AUTOS = YES_AGGRESSIVE;
				GCC_WARN_UNUSED_FUNCTION = YES;
				GCC_WARN_UNUSED_VARIABLE = YES;
				LOCALIZATION_PREFERS_STRING_CATALOGS = YES;
				MTL_ENABLE_DEBUG_INFO = NO;
				MTL_FAST_MATH = YES;
				SWIFT_COMPILATION_MODE = wholemodule;
			};
			name = Release;
		};
		7BA2BA732AEDF942004756A9 /* Debug */ = {
			isa = XCBuildConfiguration;
			buildSettings = {
				ASSETCATALOG_COMPILER_APPICON_NAME = AppIcon;
				ASSETCATALOG_COMPILER_GLOBAL_ACCENT_COLOR_NAME = AccentColor;
				CODE_SIGN_ENTITLEMENTS = Spotify_cloneUI/Spotify_cloneUI.entitlements;
				CODE_SIGN_STYLE = Automatic;
				CURRENT_PROJECT_VERSION = 1;
				DEVELOPMENT_ASSET_PATHS = "\"Spotify_cloneUI/Preview Content\"";
				DEVELOPMENT_TEAM = 9JC8F47V82;
				ENABLE_HARDENED_RUNTIME = YES;
				ENABLE_PREVIEWS = YES;
				GENERATE_INFOPLIST_FILE = YES;
				"INFOPLIST_KEY_UIApplicationSceneManifest_Generation[sdk=iphoneos*]" = YES;
				"INFOPLIST_KEY_UIApplicationSceneManifest_Generation[sdk=iphonesimulator*]" = YES;
				"INFOPLIST_KEY_UIApplicationSupportsIndirectInputEvents[sdk=iphoneos*]" = YES;
				"INFOPLIST_KEY_UIApplicationSupportsIndirectInputEvents[sdk=iphonesimulator*]" = YES;
				"INFOPLIST_KEY_UILaunchScreen_Generation[sdk=iphoneos*]" = YES;
				"INFOPLIST_KEY_UILaunchScreen_Generation[sdk=iphonesimulator*]" = YES;
				"INFOPLIST_KEY_UIStatusBarStyle[sdk=iphoneos*]" = UIStatusBarStyleDefault;
				"INFOPLIST_KEY_UIStatusBarStyle[sdk=iphonesimulator*]" = UIStatusBarStyleDefault;
				INFOPLIST_KEY_UISupportedInterfaceOrientations_iPad = "UIInterfaceOrientationPortrait UIInterfaceOrientationPortraitUpsideDown UIInterfaceOrientationLandscapeLeft UIInterfaceOrientationLandscapeRight";
				INFOPLIST_KEY_UISupportedInterfaceOrientations_iPhone = "UIInterfaceOrientationPortrait UIInterfaceOrientationLandscapeLeft UIInterfaceOrientationLandscapeRight";
				IPHONEOS_DEPLOYMENT_TARGET = 17.0;
				LD_RUNPATH_SEARCH_PATHS = "@executable_path/Frameworks";
				"LD_RUNPATH_SEARCH_PATHS[sdk=macosx*]" = "@executable_path/../Frameworks";
				MACOSX_DEPLOYMENT_TARGET = 14.0;
				MARKETING_VERSION = 1.0;
				PRODUCT_BUNDLE_IDENTIFIER = "com.danielkim.Spotify-cloneUI";
				PRODUCT_NAME = "$(TARGET_NAME)";
				SDKROOT = auto;
				SUPPORTED_PLATFORMS = "iphoneos iphonesimulator";
				SUPPORTS_MACCATALYST = NO;
				SWIFT_EMIT_LOC_STRINGS = YES;
				SWIFT_VERSION = 5.0;
				TARGETED_DEVICE_FAMILY = "1,2";
			};
			name = Debug;
		};
		7BA2BA742AEDF942004756A9 /* Release */ = {
			isa = XCBuildConfiguration;
			buildSettings = {
				ASSETCATALOG_COMPILER_APPICON_NAME = AppIcon;
				ASSETCATALOG_COMPILER_GLOBAL_ACCENT_COLOR_NAME = AccentColor;
				CODE_SIGN_ENTITLEMENTS = Spotify_cloneUI/Spotify_cloneUI.entitlements;
				CODE_SIGN_STYLE = Automatic;
				CURRENT_PROJECT_VERSION = 1;
				DEVELOPMENT_ASSET_PATHS = "\"Spotify_cloneUI/Preview Content\"";
				DEVELOPMENT_TEAM = 9JC8F47V82;
				ENABLE_HARDENED_RUNTIME = YES;
				ENABLE_PREVIEWS = YES;
				GENERATE_INFOPLIST_FILE = YES;
				"INFOPLIST_KEY_UIApplicationSceneManifest_Generation[sdk=iphoneos*]" = YES;
				"INFOPLIST_KEY_UIApplicationSceneManifest_Generation[sdk=iphonesimulator*]" = YES;
				"INFOPLIST_KEY_UIApplicationSupportsIndirectInputEvents[sdk=iphoneos*]" = YES;
				"INFOPLIST_KEY_UIApplicationSupportsIndirectInputEvents[sdk=iphonesimulator*]" = YES;
				"INFOPLIST_KEY_UILaunchScreen_Generation[sdk=iphoneos*]" = YES;
				"INFOPLIST_KEY_UILaunchScreen_Generation[sdk=iphonesimulator*]" = YES;
				"INFOPLIST_KEY_UIStatusBarStyle[sdk=iphoneos*]" = UIStatusBarStyleDefault;
				"INFOPLIST_KEY_UIStatusBarStyle[sdk=iphonesimulator*]" = UIStatusBarStyleDefault;
				INFOPLIST_KEY_UISupportedInterfaceOrientations_iPad = "UIInterfaceOrientationPortrait UIInterfaceOrientationPortraitUpsideDown UIInterfaceOrientationLandscapeLeft UIInterfaceOrientationLandscapeRight";
				INFOPLIST_KEY_UISupportedInterfaceOrientations_iPhone = "UIInterfaceOrientationPortrait UIInterfaceOrientationLandscapeLeft UIInterfaceOrientationLandscapeRight";
				IPHONEOS_DEPLOYMENT_TARGET = 17.0;
				LD_RUNPATH_SEARCH_PATHS = "@executable_path/Frameworks";
				"LD_RUNPATH_SEARCH_PATHS[sdk=macosx*]" = "@executable_path/../Frameworks";
				MACOSX_DEPLOYMENT_TARGET = 14.0;
				MARKETING_VERSION = 1.0;
				PRODUCT_BUNDLE_IDENTIFIER = "com.danielkim.Spotify-cloneUI";
				PRODUCT_NAME = "$(TARGET_NAME)";
				SDKROOT = auto;
				SUPPORTED_PLATFORMS = "iphoneos iphonesimulator";
				SUPPORTS_MACCATALYST = NO;
				SWIFT_EMIT_LOC_STRINGS = YES;
				SWIFT_VERSION = 5.0;
				TARGETED_DEVICE_FAMILY = "1,2";
			};
			name = Release;
		};
/* End XCBuildConfiguration section */

/* Begin XCConfigurationList section */
		7BA2BA5E2AEDF941004756A9 /* Build configuration list for PBXProject "Spotify_cloneUI" */ = {
			isa = XCConfigurationList;
			buildConfigurations = (
				7BA2BA702AEDF942004756A9 /* Debug */,
				7BA2BA712AEDF942004756A9 /* Release */,
			);
			defaultConfigurationIsVisible = 0;
			defaultConfigurationName = Release;
		};
		7BA2BA722AEDF942004756A9 /* Build configuration list for PBXNativeTarget "Spotify_cloneUI" */ = {
			isa = XCConfigurationList;
			buildConfigurations = (
				7BA2BA732AEDF942004756A9 /* Debug */,
				7BA2BA742AEDF942004756A9 /* Release */,
			);
			defaultConfigurationIsVisible = 0;
			defaultConfigurationName = Release;
		};
/* End XCConfigurationList section */
	};
	rootObject = 7BA2BA5B2AEDF941004756A9 /* Project object */;
}
